
Microsoft Visual Studio Solution File, Format Version 12.00
# Visual Studio Version 17
VisualStudioVersion = 17.3.32922.545
MinimumVisualStudioVersion = 10.0.40219.1
Project("{FAE04EC0-301F-11D3-BF4B-00C04F79EFBC}") = "Preimenovanje_refaktoriranje_DZ2", "Preimenovanje_refaktoriranje_DZ2\Preimenovanje_refaktoriranje_DZ2.csproj", "{23E4A5B5-B3BB-4085-862A-38A0F7B0DAA0}"
EndProject
Global
	GlobalSection(SolutionConfigurationPlatforms) = preSolution
		Debug|Any CPU = Debug|Any CPU
		Release|Any CPU = Release|Any CPU
	EndGlobalSection
	GlobalSection(ProjectConfigurationPlatforms) = postSolution
		{23E4A5B5-B3BB-4085-862A-38A0F7B0DAA0}.Debug|Any CPU.ActiveCfg = Debug|Any CPU
		{23E4A5B5-B3BB-4085-862A-38A0F7B0DAA0}.Debug|Any CPU.Build.0 = Debug|Any CPU
		{23E4A5B5-B3BB-4085-862A-38A0F7B0DAA0}.Release|Any CPU.ActiveCfg = Release|Any CPU
		{23E4A5B5-B3BB-4085-862A-38A0F7B0DAA0}.Release|Any CPU.Build.0 = Release|Any CPU
	EndGlobalSection
	GlobalSection(SolutionProperties) = preSolution
		HideSolutionNode = FALSE
	EndGlobalSection
	GlobalSection(ExtensibilityGlobals) = postSolution
		SolutionGuid = {38A3F98A-8800-4247-9B17-747F81F18E4C}
	EndGlobalSection
EndGlobal
